
Microsoft Visual Studio Solution File, Format Version 12.00
# Visual Studio 2013
VisualStudioVersion = 12.0.30723.0
MinimumVisualStudioVersion = 10.0.40219.1
Project("{2150E333-8FDC-42A3-9474-1A3956D46DE8}") = "Client", "Client", "{1A8812DD-7C10-425F-A89C-3C5BA4A9CB90}"
EndProject
Project("{2150E333-8FDC-42A3-9474-1A3956D46DE8}") = "Source", "Source", "{2CA975C3-5292-4216-B1B6-535D5986A261}"
EndProject
Project("{2150E333-8FDC-42A3-9474-1A3956D46DE8}") = "Common", "Common", "{7C929012-0F43-4864-94A9-54D257FAFCD9}"
EndProject
Project("{FAE04EC0-301F-11D3-BF4B-00C04F79EFBC}") = "Gestion.Proyecto.Web", "Gestion.Proyecto.Web\Gestion.Proyecto.Web.csproj", "{451EE807-045B-4D71-B039-48109F2838E4}"
EndProject
Project("{FAE04EC0-301F-11D3-BF4B-00C04F79EFBC}") = "Gestion.Proyecto.Resource", "Gestion.Proyecto.Resource\Gestion.Proyecto.Resource.csproj", "{030BC957-5862-40CE-A9BC-B979D4D42992}"
EndProject
Project("{FAE04EC0-301F-11D3-BF4B-00C04F79EFBC}") = "Gestion.Proyecto.BusinessLogic", "Gestion.Proyecto.BusinessLogic\Gestion.Proyecto.BusinessLogic.csproj", "{EE08A67A-4681-413B-8377-74ECBA6A4E41}"
EndProject
Project("{FAE04EC0-301F-11D3-BF4B-00C04F79EFBC}") = "Gestion.Proyecto.DataAccess", "Gestion.Proyecto.DataAccess\Gestion.Proyecto.DataAccess.csproj", "{A6B81939-134D-4EF3-A015-F4365B170245}"
EndProject
Project("{FAE04EC0-301F-11D3-BF4B-00C04F79EFBC}") = "Gestion.Proyecto.Entity", "Gestion.Proyecto.Entity\Gestion.Proyecto.Entity.csproj", "{5CA9526F-EEE1-4A29-8A07-6FCB06A76C94}"
EndProject
Project("{2150E333-8FDC-42A3-9474-1A3956D46DE8}") = "Library", "Library", "{5AD6327A-12C7-43B0-8AB8-852A4733B5E6}"
	ProjectSection(SolutionItems) = preProject
		Library\Microsoft.Practices.EnterpriseLibrary.Common.dll = Library\Microsoft.Practices.EnterpriseLibrary.Common.dll
		Library\Microsoft.Practices.EnterpriseLibrary.Data.dll = Library\Microsoft.Practices.EnterpriseLibrary.Data.dll
		Library\MvcSiteMapProvider.dll = Library\MvcSiteMapProvider.dll
		Library\MvcSiteMapProvider.WebActivator.dll = Library\MvcSiteMapProvider.WebActivator.dll
		Library\System.ComponentModel.DataAnnotations.dll = Library\System.ComponentModel.DataAnnotations.dll
		Library\WebActivatorEx.dll = Library\WebActivatorEx.dll
	EndProjectSection
EndProject
Project("{FAE04EC0-301F-11D3-BF4B-00C04F79EFBC}") = "Gestion.Proyecto.Common", "Gestion.Proyecto.Common\Gestion.Proyecto.Common.csproj", "{9B8D6CAD-B859-472A-AF3E-58EC5A9F950A}"
EndProject
Project("{FAE04EC0-301F-11D3-BF4B-00C04F79EFBC}") = "Gestion.Proyecto.Seguridad", "Gestion.Proyecto.Seguridad\Gestion.Proyecto.Seguridad.csproj", "{85129DB2-FC40-4656-92D5-5BCAF6FB27E9}"
EndProject
Project("{2150E333-8FDC-42A3-9474-1A3956D46DE8}") = "Test", "Test", "{041AA13F-42F1-422B-B4A9-3554A5BF55E4}"
EndProject
Project("{FAE04EC0-301F-11D3-BF4B-00C04F79EFBC}") = "ProyectoGestionTest", "ProyectoGestionTest\ProyectoGestionTest.csproj", "{DD696EBD-0EA9-4650-A108-D922CC50534E}"
EndProject
Global
	GlobalSection(SolutionConfigurationPlatforms) = preSolution
		Debug|Any CPU = Debug|Any CPU
		Release|Any CPU = Release|Any CPU
	EndGlobalSection
	GlobalSection(ProjectConfigurationPlatforms) = postSolution
		{451EE807-045B-4D71-B039-48109F2838E4}.Debug|Any CPU.ActiveCfg = Debug|Any CPU
		{451EE807-045B-4D71-B039-48109F2838E4}.Debug|Any CPU.Build.0 = Debug|Any CPU
		{451EE807-045B-4D71-B039-48109F2838E4}.Release|Any CPU.ActiveCfg = Release|Any CPU
		{451EE807-045B-4D71-B039-48109F2838E4}.Release|Any CPU.Build.0 = Release|Any CPU
		{030BC957-5862-40CE-A9BC-B979D4D42992}.Debug|Any CPU.ActiveCfg = Debug|Any CPU
		{030BC957-5862-40CE-A9BC-B979D4D42992}.Debug|Any CPU.Build.0 = Debug|Any CPU
		{030BC957-5862-40CE-A9BC-B979D4D42992}.Release|Any CPU.ActiveCfg = Release|Any CPU
		{030BC957-5862-40CE-A9BC-B979D4D42992}.Release|Any CPU.Build.0 = Release|Any CPU
		{EE08A67A-4681-413B-8377-74ECBA6A4E41}.Debug|Any CPU.ActiveCfg = Debug|Any CPU
		{EE08A67A-4681-413B-8377-74ECBA6A4E41}.Debug|Any CPU.Build.0 = Debug|Any CPU
		{EE08A67A-4681-413B-8377-74ECBA6A4E41}.Release|Any CPU.ActiveCfg = Release|Any CPU
		{EE08A67A-4681-413B-8377-74ECBA6A4E41}.Release|Any CPU.Build.0 = Release|Any CPU
		{A6B81939-134D-4EF3-A015-F4365B170245}.Debug|Any CPU.ActiveCfg = Debug|Any CPU
		{A6B81939-134D-4EF3-A015-F4365B170245}.Debug|Any CPU.Build.0 = Debug|Any CPU
		{A6B81939-134D-4EF3-A015-F4365B170245}.Release|Any CPU.ActiveCfg = Release|Any CPU
		{A6B81939-134D-4EF3-A015-F4365B170245}.Release|Any CPU.Build.0 = Release|Any CPU
		{5CA9526F-EEE1-4A29-8A07-6FCB06A76C94}.Debug|Any CPU.ActiveCfg = Debug|Any CPU
		{5CA9526F-EEE1-4A29-8A07-6FCB06A76C94}.Debug|Any CPU.Build.0 = Debug|Any CPU
		{5CA9526F-EEE1-4A29-8A07-6FCB06A76C94}.Release|Any CPU.ActiveCfg = Release|Any CPU
		{5CA9526F-EEE1-4A29-8A07-6FCB06A76C94}.Release|Any CPU.Build.0 = Release|Any CPU
		{9B8D6CAD-B859-472A-AF3E-58EC5A9F950A}.Debug|Any CPU.ActiveCfg = Debug|Any CPU
		{9B8D6CAD-B859-472A-AF3E-58EC5A9F950A}.Debug|Any CPU.Build.0 = Debug|Any CPU
		{9B8D6CAD-B859-472A-AF3E-58EC5A9F950A}.Release|Any CPU.ActiveCfg = Release|Any CPU
		{9B8D6CAD-B859-472A-AF3E-58EC5A9F950A}.Release|Any CPU.Build.0 = Release|Any CPU
		{85129DB2-FC40-4656-92D5-5BCAF6FB27E9}.Debug|Any CPU.ActiveCfg = Debug|Any CPU
		{85129DB2-FC40-4656-92D5-5BCAF6FB27E9}.Debug|Any CPU.Build.0 = Debug|Any CPU
		{85129DB2-FC40-4656-92D5-5BCAF6FB27E9}.Release|Any CPU.ActiveCfg = Release|Any CPU
		{85129DB2-FC40-4656-92D5-5BCAF6FB27E9}.Release|Any CPU.Build.0 = Release|Any CPU
		{DD696EBD-0EA9-4650-A108-D922CC50534E}.Debug|Any CPU.ActiveCfg = Debug|Any CPU
		{DD696EBD-0EA9-4650-A108-D922CC50534E}.Debug|Any CPU.Build.0 = Debug|Any CPU
		{DD696EBD-0EA9-4650-A108-D922CC50534E}.Release|Any CPU.ActiveCfg = Release|Any CPU
		{DD696EBD-0EA9-4650-A108-D922CC50534E}.Release|Any CPU.Build.0 = Release|Any CPU
	EndGlobalSection
	GlobalSection(SolutionProperties) = preSolution
		HideSolutionNode = FALSE
	EndGlobalSection
	GlobalSection(NestedProjects) = preSolution
		{451EE807-045B-4D71-B039-48109F2838E4} = {1A8812DD-7C10-425F-A89C-3C5BA4A9CB90}
		{030BC957-5862-40CE-A9BC-B979D4D42992} = {7C929012-0F43-4864-94A9-54D257FAFCD9}
		{EE08A67A-4681-413B-8377-74ECBA6A4E41} = {2CA975C3-5292-4216-B1B6-535D5986A261}
		{A6B81939-134D-4EF3-A015-F4365B170245} = {2CA975C3-5292-4216-B1B6-535D5986A261}
		{5CA9526F-EEE1-4A29-8A07-6FCB06A76C94} = {2CA975C3-5292-4216-B1B6-535D5986A261}
		{9B8D6CAD-B859-472A-AF3E-58EC5A9F950A} = {7C929012-0F43-4864-94A9-54D257FAFCD9}
		{85129DB2-FC40-4656-92D5-5BCAF6FB27E9} = {1A8812DD-7C10-425F-A89C-3C5BA4A9CB90}
		{DD696EBD-0EA9-4650-A108-D922CC50534E} = {041AA13F-42F1-422B-B4A9-3554A5BF55E4}
	EndGlobalSection
EndGlobal
